
Microsoft Visual Studio Solution File, Format Version 12.00
# Visual Studio 14
VisualStudioVersion = 14.0.25420.1
MinimumVisualStudioVersion = 10.0.40219.1
Project("{FAE04EC0-301F-11D3-BF4B-00C04F79EFBC}") = "TaskManagerServices", "TaskManager\TaskManagerServices.csproj", "{DFAB4FFE-698D-4577-8F5C-1B7F71A6DD80}"
EndProject
Project("{FAE04EC0-301F-11D3-BF4B-00C04F79EFBC}") = "TaskManager.Tests", "TaskManager.Tests\TaskManager.Tests.csproj", "{CEBE5A3E-EA64-49F0-8ABF-F7016D1EA7D5}"
EndProject
Project("{FAE04EC0-301F-11D3-BF4B-00C04F79EFBC}") = "TM.Data", "TM.Data\TM.Data.csproj", "{B857C114-C19E-49B5-B7E7-4E76AAC2A1AB}"
EndProject
Project("{FAE04EC0-301F-11D3-BF4B-00C04F79EFBC}") = "TM.Business", "TM.Business\TM.Business.csproj", "{8B2712D2-53CD-4804-9699-F8DB1C2AB362}"
EndProject
Project("{FAE04EC0-301F-11D3-BF4B-00C04F79EFBC}") = "TM.BenchMarkTest", "TM.Services.LoadTest\TM.BenchMarkTest.csproj", "{C548534D-1BCA-4A97-A943-C47CB0BC76A0}"
EndProject
Project("{FAE04EC0-301F-11D3-BF4B-00C04F79EFBC}") = "TM.Entities", "TM.Entities\TM.Entities.csproj", "{A82850A6-3E53-43D7-8708-22B5CDD827DB}"
EndProject
Global
	GlobalSection(SolutionConfigurationPlatforms) = preSolution
		Debug|Any CPU = Debug|Any CPU
		Debug|x86 = Debug|x86
		Release|Any CPU = Release|Any CPU
		Release|x86 = Release|x86
	EndGlobalSection
	GlobalSection(ProjectConfigurationPlatforms) = postSolution
		{DFAB4FFE-698D-4577-8F5C-1B7F71A6DD80}.Debug|Any CPU.ActiveCfg = Debug|Any CPU
		{DFAB4FFE-698D-4577-8F5C-1B7F71A6DD80}.Debug|Any CPU.Build.0 = Debug|Any CPU
		{DFAB4FFE-698D-4577-8F5C-1B7F71A6DD80}.Debug|x86.ActiveCfg = Debug|Any CPU
		{DFAB4FFE-698D-4577-8F5C-1B7F71A6DD80}.Debug|x86.Build.0 = Debug|Any CPU
		{DFAB4FFE-698D-4577-8F5C-1B7F71A6DD80}.Release|Any CPU.ActiveCfg = Release|Any CPU
		{DFAB4FFE-698D-4577-8F5C-1B7F71A6DD80}.Release|Any CPU.Build.0 = Release|Any CPU
		{DFAB4FFE-698D-4577-8F5C-1B7F71A6DD80}.Release|x86.ActiveCfg = Release|Any CPU
		{DFAB4FFE-698D-4577-8F5C-1B7F71A6DD80}.Release|x86.Build.0 = Release|Any CPU
		{CEBE5A3E-EA64-49F0-8ABF-F7016D1EA7D5}.Debug|Any CPU.ActiveCfg = Debug|Any CPU
		{CEBE5A3E-EA64-49F0-8ABF-F7016D1EA7D5}.Debug|Any CPU.Build.0 = Debug|Any CPU
		{CEBE5A3E-EA64-49F0-8ABF-F7016D1EA7D5}.Debug|x86.ActiveCfg = Debug|Any CPU
		{CEBE5A3E-EA64-49F0-8ABF-F7016D1EA7D5}.Debug|x86.Build.0 = Debug|Any CPU
		{CEBE5A3E-EA64-49F0-8ABF-F7016D1EA7D5}.Release|Any CPU.ActiveCfg = Release|Any CPU
		{CEBE5A3E-EA64-49F0-8ABF-F7016D1EA7D5}.Release|Any CPU.Build.0 = Release|Any CPU
		{CEBE5A3E-EA64-49F0-8ABF-F7016D1EA7D5}.Release|x86.ActiveCfg = Release|Any CPU
		{CEBE5A3E-EA64-49F0-8ABF-F7016D1EA7D5}.Release|x86.Build.0 = Release|Any CPU
		{B857C114-C19E-49B5-B7E7-4E76AAC2A1AB}.Debug|Any CPU.ActiveCfg = Debug|Any CPU
		{B857C114-C19E-49B5-B7E7-4E76AAC2A1AB}.Debug|Any CPU.Build.0 = Debug|Any CPU
		{B857C114-C19E-49B5-B7E7-4E76AAC2A1AB}.Debug|x86.ActiveCfg = Debug|Any CPU
		{B857C114-C19E-49B5-B7E7-4E76AAC2A1AB}.Debug|x86.Build.0 = Debug|Any CPU
		{B857C114-C19E-49B5-B7E7-4E76AAC2A1AB}.Release|Any CPU.ActiveCfg = Release|Any CPU
		{B857C114-C19E-49B5-B7E7-4E76AAC2A1AB}.Release|Any CPU.Build.0 = Release|Any CPU
		{B857C114-C19E-49B5-B7E7-4E76AAC2A1AB}.Release|x86.ActiveCfg = Release|Any CPU
		{B857C114-C19E-49B5-B7E7-4E76AAC2A1AB}.Release|x86.Build.0 = Release|Any CPU
		{8B2712D2-53CD-4804-9699-F8DB1C2AB362}.Debug|Any CPU.ActiveCfg = Debug|Any CPU
		{8B2712D2-53CD-4804-9699-F8DB1C2AB362}.Debug|Any CPU.Build.0 = Debug|Any CPU
		{8B2712D2-53CD-4804-9699-F8DB1C2AB362}.Debug|x86.ActiveCfg = Debug|Any CPU
		{8B2712D2-53CD-4804-9699-F8DB1C2AB362}.Debug|x86.Build.0 = Debug|Any CPU
		{8B2712D2-53CD-4804-9699-F8DB1C2AB362}.Release|Any CPU.ActiveCfg = Release|Any CPU
		{8B2712D2-53CD-4804-9699-F8DB1C2AB362}.Release|Any CPU.Build.0 = Release|Any CPU
		{8B2712D2-53CD-4804-9699-F8DB1C2AB362}.Release|x86.ActiveCfg = Release|Any CPU
		{8B2712D2-53CD-4804-9699-F8DB1C2AB362}.Release|x86.Build.0 = Release|Any CPU
		{C548534D-1BCA-4A97-A943-C47CB0BC76A0}.Debug|Any CPU.ActiveCfg = Debug|Any CPU
		{C548534D-1BCA-4A97-A943-C47CB0BC76A0}.Debug|Any CPU.Build.0 = Debug|Any CPU
		{C548534D-1BCA-4A97-A943-C47CB0BC76A0}.Debug|x86.ActiveCfg = Debug|Any CPU
		{C548534D-1BCA-4A97-A943-C47CB0BC76A0}.Debug|x86.Build.0 = Debug|Any CPU
		{C548534D-1BCA-4A97-A943-C47CB0BC76A0}.Release|Any CPU.ActiveCfg = Release|Any CPU
		{C548534D-1BCA-4A97-A943-C47CB0BC76A0}.Release|Any CPU.Build.0 = Release|Any CPU
		{C548534D-1BCA-4A97-A943-C47CB0BC76A0}.Release|x86.ActiveCfg = Release|Any CPU
		{C548534D-1BCA-4A97-A943-C47CB0BC76A0}.Release|x86.Build.0 = Release|Any CPU
		{A82850A6-3E53-43D7-8708-22B5CDD827DB}.Debug|Any CPU.ActiveCfg = Debug|Any CPU
		{A82850A6-3E53-43D7-8708-22B5CDD827DB}.Debug|Any CPU.Build.0 = Debug|Any CPU
		{A82850A6-3E53-43D7-8708-22B5CDD827DB}.Debug|x86.ActiveCfg = Debug|Any CPU
		{A82850A6-3E53-43D7-8708-22B5CDD827DB}.Debug|x86.Build.0 = Debug|Any CPU
		{A82850A6-3E53-43D7-8708-22B5CDD827DB}.Release|Any CPU.ActiveCfg = Release|Any CPU
		{A82850A6-3E53-43D7-8708-22B5CDD827DB}.Release|Any CPU.Build.0 = Release|Any CPU
		{A82850A6-3E53-43D7-8708-22B5CDD827DB}.Release|x86.ActiveCfg = Release|Any CPU
		{A82850A6-3E53-43D7-8708-22B5CDD827DB}.Release|x86.Build.0 = Release|Any CPU
	EndGlobalSection
	GlobalSection(SolutionProperties) = preSolution
		HideSolutionNode = FALSE
	EndGlobalSection
EndGlobal
